
Microsoft Visual Studio Solution File, Format Version 12.00
# Visual Studio Version 17
VisualStudioVersion = 17.14.37012.4 d17.14
MinimumVisualStudioVersion = 10.0.40219.1
Project("{FAE04EC0-301F-11D3-BF4B-00C04F79EFBC}") = "UMF流量计", "UMF流量计\UMF流量计.csproj", "{1D8207CC-B62B-4A5D-A736-264BE99A85AB}"
EndProject
Global
	GlobalSection(SolutionConfigurationPlatforms) = preSolution
		Debug|Any CPU = Debug|Any CPU
		Release|Any CPU = Release|Any CPU
	EndGlobalSection
	GlobalSection(ProjectConfigurationPlatforms) = postSolution
		{1D8207CC-B62B-4A5D-A736-264BE99A85AB}.Debug|Any CPU.ActiveCfg = Debug|Any CPU
		{1D8207CC-B62B-4A5D-A736-264BE99A85AB}.Debug|Any CPU.Build.0 = Debug|Any CPU
		{1D8207CC-B62B-4A5D-A736-264BE99A85AB}.Release|Any CPU.ActiveCfg = Release|Any CPU
		{1D8207CC-B62B-4A5D-A736-264BE99A85AB}.Release|Any CPU.Build.0 = Release|Any CPU
	EndGlobalSection
	GlobalSection(SolutionProperties) = preSolution
		HideSolutionNode = FALSE
	EndGlobalSection
	GlobalSection(ExtensibilityGlobals) = postSolution
		SolutionGuid = {479D7B7F-31EF-4C85-BEFA-79588F147FF8}
	EndGlobalSection
EndGlobal
